# @generated by Move, please check-in and do not edit manually.

[move]
version = 3
manifest_digest = "6084398D3968FF423D80DEB6F9901625220E9BC6F13ACA33B635C7E0C1F21334"
deps_digest = "F8BBB0CCB2491CA29A3DF03D6F92277A4F3574266507ACD77214D37ECA3F3082"
dependencies = [
  { id = "Sui", name = "Sui" },
]

[[move.package]]
id = "MoveStdlib"
source = { git = "https://github.com/MystenLabs/sui.git", rev = "framework/testnet", subdir = "crates/sui-framework/packages/move-stdlib" }

[[move.package]]
id = "Sui"
source = { git = "https://github.com/MystenLabs/sui.git", rev = "framework/testnet", subdir = "crates/sui-framework/packages/sui-framework" }

dependencies = [
  { id = "MoveStdlib", name = "MoveStdlib" },
]

[move.toolchain-version]
compiler-version = "1.42.1"
edition = "2024.beta"
flavor = "sui"

[env]

[env.testnet]
chain-id = "4c78adac"
original-published-id = "0x58bac2c31e1abbdc712232e390ddb20933ec29bddea228b8f4fae4d234805bc9"
latest-published-id = "0x58bac2c31e1abbdc712232e390ddb20933ec29bddea228b8f4fae4d234805bc9"
published-version = "1"
